<?xml version="1.0" encoding="utf-8"?>
<Project ToolsVersion="4.0" xmlns="http://schemas.microsoft.com/developer/msbuild/2003">
  <ItemGroup>
    <Filter Include="Source Files">
      <UniqueIdentifier>{4FC737F1-C7A5-4376-A066-2A32D752A2FF}</UniqueIdentifier>
      <Extensions>cpp;c;cc;cxx;c++;cppm;ixx;def;odl;idl;hpj;bat;asm;asmx</Extensions>
    </Filter>
    <Filter Include="Header Files">
      <UniqueIdentifier>{93995380-89BD-4b04-88EB-625FBE52EBFB}</UniqueIdentifier>
      <Extensions>h;hh;hpp;hxx;h++;hm;inl;inc;ipp;xsd</Extensions>
    </Filter>
    <Filter Include="Resource Files">
      <UniqueIdentifier>{67DA6AB6-F800-4c08-8B7A-83BB121AAD01}</UniqueIdentifier>
      <Extensions>rc;ico;cur;bmp;dlg;rc2;rct;bin;rgs;gif;jpg;jpeg;jpe;resx;tiff;tif;png;wav;mfcribbon-ms</Extensions>
    </Filter>
  </ItemGroup>
  <ItemGroup>
    <ClCompile Include="source.cpp">
      <Filter>Source Files</Filter>
    </ClCompile>
  </ItemGroup>
  <ItemGroup>
    <ClInclude Include="MESH_LOADER.hpp">
      <Filter>Header Files</Filter>
    </ClInclude>
    <ClInclude Include="CAMERA.hpp">
      <Filter>Header Files</Filter>
    </ClInclude>
    <ClInclude Include="SHADER_LOADER.hpp">
      <Filter>Header Files</Filter>
    </ClInclude>
    <ClInclude Include="TEXTURE_LOADER.hpp">
      <Filter>Header Files</Filter>
    </ClInclude>
    <ClInclude Include="TEXT_RENDER.hpp">
      <Filter>Header Files</Filter>
    </ClInclude>
    <ClInclude Include="GAME_OBJECT.hpp">
      <Filter>Header Files</Filter>
    </ClInclude>
    <ClInclude Include="POINT_LIGHT.hpp">
      <Filter>Header Files</Filter>
    </ClInclude>
    <ClInclude Include="OGL_UTILITIES.hpp">
      <Filter>Header Files</Filter>
    </ClInclude>
  </ItemGroup>
  <ItemGroup>
    <Image Include="OpenGL_pipeline.png">
      <Filter>Resource Files</Filter>
    </Image>
  </ItemGroup>
  <ItemGroup>
    <None Include="Assets\Shaders\FLAT_MODEL.vs">
      <Filter>Resource Files</Filter>
    </None>
    <None Include="Assets\Shaders\FLAT_MODEL.fs">
      <Filter>Resource Files</Filter>
    </None>
    <None Include="Assets\Shaders\TEXTURE_MODEL.fs">
      <Filter>Resource Files</Filter>
    </None>
    <None Include="Assets\Shaders\TEXTURE_MODEL.vs">
      <Filter>Resource Files</Filter>
    </None>
    <None Include="Assets\Shaders\LIT_TEXTURE_MODEL.fs">
      <Filter>Resource Files</Filter>
    </None>
    <None Include="Assets\Shaders\LIT_TEXTURE_MODEL.vs">
      <Filter>Resource Files</Filter>
    </None>
    <None Include="Assets\Shaders\TEXT_MODEL.fs">
      <Filter>Resource Files</Filter>
    </None>
    <None Include="Assets\Shaders\TEXT_MODEL.vs">
      <Filter>Resource Files</Filter>
    </None>
  </ItemGroup>
</Project>